
Microsoft Visual Studio Solution File, Format Version 12.00
# Visual Studio Version 17
VisualStudioVersion = 17.7.34031.279
MinimumVisualStudioVersion = 10.0.40219.1
Project("{FAE04EC0-301F-11D3-BF4B-00C04F79EFBC}") = "10.Ibnu ubaidilllah", "10.Ibnu ubaidilllah.csproj", "{87E6CDE8-8D78-46F6-A284-EAAD5D9A0203}"
EndProject
Global
	GlobalSection(SolutionConfigurationPlatforms) = preSolution
		Debug|Any CPU = Debug|Any CPU
		Release|Any CPU = Release|Any CPU
	EndGlobalSection
	GlobalSection(ProjectConfigurationPlatforms) = postSolution
		{87E6CDE8-8D78-46F6-A284-EAAD5D9A0203}.Debug|Any CPU.ActiveCfg = Debug|Any CPU
		{87E6CDE8-8D78-46F6-A284-EAAD5D9A0203}.Debug|Any CPU.Build.0 = Debug|Any CPU
		{87E6CDE8-8D78-46F6-A284-EAAD5D9A0203}.Release|Any CPU.ActiveCfg = Release|Any CPU
		{87E6CDE8-8D78-46F6-A284-EAAD5D9A0203}.Release|Any CPU.Build.0 = Release|Any CPU
	EndGlobalSection
	GlobalSection(SolutionProperties) = preSolution
		HideSolutionNode = FALSE
	EndGlobalSection
	GlobalSection(ExtensibilityGlobals) = postSolution
		SolutionGuid = {493F5E0C-5A56-4253-8CDA-874512B99351}
	EndGlobalSection
EndGlobal
